{
  "version": 4,
  "terraform_version": "1.2.6",
  "serial": 1,
  "lineage": "df19c479-6d65-269e-128a-a9b5b429760e",
  "outputs": {},
  "resources": [
    {
      "mode": "managed",
      "type": "local_file",
      "name": "sample_res",
      "provider": "provider[\"registry.terraform.io/hashicorp/local\"]",
      "instances": [
        {
          "schema_version": 0,
          "attributes": {
            "content": null,
            "content_base64": null,
            "directory_permission": "0777",
            "file_permission": "0777",
            "filename": "sample_args.txt",
            "id": "16184cd6fb8de574a247e0e6e70a157f1ad416ba",
            "sensitive_content": "I love terraform",
            "source": null
          },
          "sensitive_attributes": [],
          "private": "bnVsbA=="
        }
      ]
    }
  ]
}
