{
  "version": 4,
  "terraform_version": "1.2.6",
  "serial": 6,
  "lineage": "98dbcd7c-8ea4-b089-7df1-6739d44a1c9f",
  "outputs": {},
  "resources": [
    {
      "mode": "managed",
      "type": "local_file",
      "name": "name1",
      "provider": "provider[\"registry.terraform.io/hashicorp/local\"]",
      "instances": [
        {
          "schema_version": 0,
          "attributes": {
            "content": "This is random string from random provider: %g9qYPT+d}",
            "content_base64": null,
            "directory_permission": "0777",
            "file_permission": "0777",
            "filename": "explicit.txt",
            "id": "ab0acfc093c9d1f7996db261a7898c0e28055672",
            "sensitive_content": null,
            "source": null
          },
          "sensitive_attributes": [],
          "private": "bnVsbA==",
          "dependencies": [
            "random_string.name2"
          ]
        }
      ]
    },
    {
      "mode": "managed",
      "type": "random_string",
      "name": "name2",
      "provider": "provider[\"registry.terraform.io/hashicorp/random\"]",
      "instances": [
        {
          "schema_version": 2,
          "attributes": {
            "id": "%g9qYPT+d}",
            "keepers": null,
            "length": 10,
            "lower": true,
            "min_lower": 0,
            "min_numeric": 0,
            "min_special": 0,
            "min_upper": 0,
            "number": true,
            "numeric": true,
            "override_special": null,
            "result": "%g9qYPT+d}",
            "special": true,
            "upper": true
          },
          "sensitive_attributes": [],
          "private": "eyJzY2hlbWFfdmVyc2lvbiI6IjIifQ=="
        }
      ]
    }
  ]
}
