{
  "version": 4,
  "terraform_version": "1.2.6",
  "serial": 5,
  "lineage": "98c28a81-717a-98a0-7b3a-e0594b656b98",
  "outputs": {
    "name1": {
      "value": 58,
      "type": "number"
    },
    "name2": {
      "value": "\u003e6%x7u1H8$P$tpk",
      "type": "string"
    }
  },
  "resources": [
    {
      "mode": "managed",
      "type": "random_integer",
      "name": "rint",
      "provider": "provider[\"registry.terraform.io/hashicorp/random\"]",
      "instances": [
        {
          "schema_version": 0,
          "attributes": {
            "id": "58",
            "keepers": null,
            "max": 70,
            "min": 50,
            "result": 58,
            "seed": null
          },
          "sensitive_attributes": [],
          "private": "bnVsbA=="
        }
      ]
    },
    {
      "mode": "managed",
      "type": "random_string",
      "name": "rstring",
      "provider": "provider[\"registry.terraform.io/hashicorp/random\"]",
      "instances": [
        {
          "schema_version": 2,
          "attributes": {
            "id": "\u003e6%x7u1H8$P$tpk",
            "keepers": null,
            "length": 15,
            "lower": true,
            "min_lower": 0,
            "min_numeric": 0,
            "min_special": 0,
            "min_upper": 0,
            "number": true,
            "numeric": true,
            "override_special": null,
            "result": "\u003e6%x7u1H8$P$tpk",
            "special": true,
            "upper": true
          },
          "sensitive_attributes": [],
          "private": "eyJzY2hlbWFfdmVyc2lvbiI6IjIifQ=="
        }
      ]
    }
  ]
}
