{
  "version": 4,
  "terraform_version": "1.2.6",
  "serial": 8,
  "lineage": "7ff4e710-1757-2726-cb1e-2fe878d31026",
  "outputs": {},
  "resources": [
    {
      "mode": "managed",
      "type": "random_integer",
      "name": "name",
      "provider": "provider[\"registry.terraform.io/hashicorp/random\"]",
      "instances": [
        {
          "schema_version": 0,
          "attributes": {
            "id": "59",
            "keepers": null,
            "max": 120,
            "min": 0,
            "result": 59,
            "seed": null
          },
          "sensitive_attributes": [],
          "private": "bnVsbA=="
        }
      ]
    }
  ]
}
